{
  "name": "watchmysix-frontend",
  "version": "1.0.0",
  "lockfileVersion": 3,
  "requires": true,
  "packages": {
    "": {
      "name": "watchmysix-frontend",
      "version": "1.0.0",
      "license": "UNLICENSED",
      "devDependencies": {},
      "dependencies": {},
      "scripts": {
        "build": "node scripts/build.js"
      }
    }
  }
}
